{"format_version":"1.0","provider_schemas":{"registry.terraform.io/aminueza/minio":{"provider":{"version":0,"block":{"attributes":{"minio_access_key":{"type":"string","description":"MinIO access key (deprecated: use minio_user instead)","description_kind":"plain","deprecated":true,"optional":true},"minio_api_version":{"type":"string","description":"MinIO API Version (v2 or v4)","description_kind":"plain","optional":true},"minio_cacert_file":{"type":"string","description":"Path to CA certificate file for SSL verification","description_kind":"plain","optional":true},"minio_cert_file":{"type":"string","description":"Path to client certificate file for SSL authentication","description_kind":"plain","optional":true},"minio_debug":{"type":"bool","description":"Enable debug logging for API requests","description_kind":"plain","optional":true},"minio_insecure":{"type":"bool","description":"Skip SSL certificate verification (not recommended for production)","description_kind":"plain","optional":true},"minio_key_file":{"type":"string","description":"Path to client private key file for SSL authentication","description_kind":"plain","optional":true,"sensitive":true},"minio_password":{"type":"string","description":"MinIO password (or secret key) for authentication","description_kind":"plain","optional":true,"sensitive":true},"minio_region":{"type":"string","description":"MinIO server region (default: us-east-1)","description_kind":"plain","optional":true},"minio_secret_key":{"type":"string","description":"MinIO secret key (deprecated: use minio_password instead)","description_kind":"plain","deprecated":true,"optional":true,"sensitive":true},"minio_server":{"type":"string","description":"MinIO server endpoint in the format host:port","description_kind":"plain","required":true},"minio_session_token":{"type":"string","description":"MinIO session token for temporary credentials","description_kind":"plain","optional":true,"sensitive":true},"minio_ssl":{"type":"bool","description":"Enable SSL/TLS for MinIO connection","description_kind":"plain","optional":true},"minio_user":{"type":"string","description":"MinIO user (or access key) for authentication","description_kind":"plain","optional":true}},"description_kind":"plain"}},"resource_schemas":{"minio_accesskey":{"version":0,"block":{"attributes":{"access_key":{"type":"string","description":"The access key. If provided, must be between 8 and 20 characters.","description_kind":"plain","optional":true,"computed":true},"description":{"type":"string","description":"Description for the access key (max 256 characters).","description_kind":"plain","optional":true},"id":{"type":"string","description_kind":"plain","optional":true,"computed":true},"policy":{"type":"string","description":"Policy to attach to the access key (policy name or JSON document).","description_kind":"plain","optional":true},"secret_key":{"type":"string","description":"The secret key. If provided, must be at least 8 characters. This is a write-only field and will not be stored in state.","description_kind":"plain","optional":true,"sensitive":true},"secret_key_version":{"type":"string","description":"Version identifier for the secret key. Change this value to trigger a secret key rotation. Can be a hash, version number, timestamp, or any string that changes when the secret changes.","description_kind":"plain","optional":true},"status":{"type":"string","description":"The status of the access key (enabled/disabled).","description_kind":"plain","optional":true},"user":{"type":"string","description":"The user for whom the access key is managed.","description_kind":"plain","required":true}},"block_types":{"timeouts":{"nesting_mode":"single","block":{"attributes":{"create":{"type":"string","description_kind":"plain","optional":true},"delete":{"type":"string","description_kind":"plain","optional":true},"read":{"type":"string","description_kind":"plain","optional":true},"update":{"type":"string","description_kind":"plain","optional":true}},"description_kind":"plain"}}},"description_kind":"plain"}},"minio_config":{"version":0,"block":{"attributes":{"id":{"type":"string","description_kind":"plain","optional":true,"computed":true},"key":{"type":"string","description":"The configuration key (e.g., 'api', 'notify_webhook:1', 'region')","description_kind":"plain","required":true},"restart_required":{"type":"bool","description":"Indicates whether a server restart is required for the configuration to take effect","description_kind":"plain","computed":true},"value":{"type":"string","description":"The configuration value in key=value format (e.g., 'requests_max=1000'). For multiple settings, separate with spaces.","description_kind":"plain","required":true}},"block_types":{"timeouts":{"nesting_mode":"single","block":{"attributes":{"create":{"type":"string","description_kind":"plain","optional":true},"delete":{"type":"string","description_kind":"plain","optional":true},"read":{"type":"string","description_kind":"plain","optional":true},"update":{"type":"string","description_kind":"plain","optional":true}},"description_kind":"plain"}}},"description_kind":"plain"}},"minio_iam_group":{"version":0,"block":{"attributes":{"disable_group":{"type":"bool","description":"Disable group","description_kind":"plain","optional":true},"force_destroy":{"type":"bool","description":"Delete group even if it has non-Terraform-managed members","description_kind":"plain","optional":true},"group_name":{"type":"string","description":"The name of the group.","description_kind":"plain","computed":true},"id":{"type":"string","description_kind":"plain","optional":true,"computed":true},"name":{"type":"string","description":"Name of the group","description_kind":"plain","required":true}},"description_kind":"plain"}},"minio_iam_group_membership":{"version":0,"block":{"attributes":{"group":{"type":"string","description":"Group name to add users","description_kind":"plain","required":true},"id":{"type":"string","description_kind":"plain","optional":true,"computed":true},"name":{"type":"string","description":"Name of group membership","description_kind":"plain","required":true},"users":{"type":["set","string"],"description":"Add user or list of users such as a group membership","description_kind":"plain","required":true}},"description_kind":"plain"}},"minio_iam_group_policy":{"version":0,"block":{"attributes":{"group":{"type":"string","description":"Name of group the policy belongs to.","description_kind":"plain","required":true},"id":{"type":"string","description_kind":"plain","optional":true,"computed":true},"name":{"type":"string","description":"Name of the policy. If omitted, Terraform will assign a random, unique name.","description_kind":"plain","optional":true,"computed":true},"name_prefix":{"type":"string","description":"Prefix to the generated policy name. Do not use with `name`.","description_kind":"plain","optional":true},"policy":{"type":"string","description":"Policy JSON string","description_kind":"plain","required":true}},"description_kind":"plain"}},"minio_iam_group_policy_attachment":{"version":0,"block":{"attributes":{"group_name":{"type":"string","description":"Name of group to attach policy to","description_kind":"plain","required":true},"id":{"type":"string","description_kind":"plain","optional":true,"computed":true},"policy_name":{"type":"string","description":"Name of policy to attach to group","description_kind":"plain","required":true}},"description_kind":"plain"}},"minio_iam_group_user_attachment":{"version":0,"block":{"attributes":{"group_name":{"type":"string","description":"Name of group to attach user to","description_kind":"plain","required":true},"id":{"type":"string","description_kind":"plain","optional":true,"computed":true},"user_name":{"type":"string","description":"Name of user","description_kind":"plain","required":true}},"description_kind":"plain"}},"minio_iam_ldap_group_policy_attachment":{"version":0,"block":{"attributes":{"group_dn":{"type":"string","description":"The distinguished name (dn) of group to attach policy to","description_kind":"plain","required":true},"id":{"type":"string","description_kind":"plain","optional":true,"computed":true},"policy_name":{"type":"string","description":"Name of policy to attach to group","description_kind":"plain","required":true}},"description":"Attaches LDAP group to a policy. Can be used against both built-in and user-defined policies.","description_kind":"plain"}},"minio_iam_ldap_user_policy_attachment":{"version":0,"block":{"attributes":{"id":{"type":"string","description_kind":"plain","optional":true,"computed":true},"policy_name":{"type":"string","description":"Name of policy to attach to user","description_kind":"plain","required":true},"user_dn":{"type":"string","description":"The dn of user to attach policy to","description_kind":"plain","required":true}},"description":"Attaches LDAP user to a policy. Can be used against both built-in and user-defined policies.","description_kind":"plain"}},"minio_iam_policy":{"version":0,"block":{"attributes":{"id":{"type":"string","description_kind":"plain","optional":true,"computed":true},"name":{"type":"string","description":"Name of the policy. Conflicts with `name_prefix`.","description_kind":"plain","optional":true,"computed":true},"name_prefix":{"type":"string","description":"Prefix to the generated policy name. Do not use with `name`.","description_kind":"plain","optional":true},"policy":{"type":"string","description":"Policy JSON string","description_kind":"plain","required":true}},"description_kind":"plain"}},"minio_iam_service_account":{"version":0,"block":{"attributes":{"access_key":{"type":"string","description":"access key of service account","description_kind":"plain","computed":true},"description":{"type":"string","description":"Description of service account (256 bytes max), can't be cleared once set","description_kind":"plain","optional":true},"disable_user":{"type":"bool","description":"Disable service account","description_kind":"plain","optional":true},"expiration":{"type":"string","description":"Expiration of service account in RFC3339 format. Must be between NOW+15min \u0026 NOW+365d. If not set, the service account will not expire.","description_kind":"plain","optional":true},"id":{"type":"string","description_kind":"plain","optional":true,"computed":true},"name":{"type":"string","description":"Name of service account (32 bytes max), can't be cleared once set","description_kind":"plain","optional":true},"policy":{"type":"string","description":"policy of service account as encoded JSON string","description_kind":"plain","optional":true},"secret_key":{"type":"string","description":"secret key of service account","description_kind":"plain","computed":true,"sensitive":true},"status":{"type":"string","description_kind":"plain","computed":true},"target_user":{"type":"string","description":"User the service account will be created for","description_kind":"plain","required":true},"update_secret":{"type":"bool","description":"rotate secret key","description_kind":"plain","optional":true}},"description_kind":"plain"}},"minio_iam_user":{"version":0,"block":{"attributes":{"disable_user":{"type":"bool","description":"Disable user","description_kind":"plain","optional":true},"force_destroy":{"type":"bool","description":"Delete user even if it has non-Terraform-managed IAM access keys","description_kind":"plain","optional":true},"id":{"type":"string","description_kind":"plain","optional":true,"computed":true},"name":{"type":"string","description":"Name of the user","description_kind":"plain","required":true},"secret":{"type":"string","description_kind":"plain","optional":true,"computed":true,"sensitive":true},"status":{"type":"string","description_kind":"plain","computed":true},"tags":{"type":["map","string"],"description_kind":"plain","optional":true},"update_secret":{"type":"bool","description":"Rotate Minio User Secret Key","description_kind":"plain","optional":true}},"description_kind":"plain"}},"minio_iam_user_group_membership":{"version":0,"block":{"attributes":{"groups":{"type":["set","string"],"description":"A list of IAM groups to add the user to","description_kind":"plain","required":true},"id":{"type":"string","description_kind":"plain","optional":true,"computed":true},"user":{"type":"string","description":"The name of the IAM user","description_kind":"plain","required":true}},"description_kind":"plain"}},"minio_iam_user_policy_attachment":{"version":0,"block":{"attributes":{"id":{"type":"string","description_kind":"plain","optional":true,"computed":true},"policy_name":{"type":"string","description":"Name of policy to attach to user","description_kind":"plain","required":true},"user_name":{"type":"string","description":"Name of user","description_kind":"plain","required":true}},"description_kind":"plain"}},"minio_ilm_policy":{"version":0,"block":{"attributes":{"bucket":{"type":"string","description_kind":"plain","required":true},"id":{"type":"string","description_kind":"plain","optional":true,"computed":true}},"block_types":{"rule":{"nesting_mode":"list","block":{"attributes":{"expiration":{"type":"string","description":"Value may be duration (5d) or date (1970-01-01) to expire objects","description_kind":"plain","optional":true},"expired_object_delete_marker":{"type":"bool","description":"Whether to delete the delete marker when the object has a single version (i.e., all other versions have been expired by `noncurrent_version_expiration_days`).","description_kind":"plain","optional":true},"filter":{"type":"string","description_kind":"plain","optional":true},"id":{"type":"string","description_kind":"plain","required":true},"status":{"type":"string","description":"Status of the rule. Can be either 'Enabled' or 'Disabled'. Defaults to 'Enabled'.","description_kind":"plain","optional":true},"tags":{"type":["map","string"],"description_kind":"plain","optional":true}},"block_types":{"abort_incomplete_multipart_upload":{"nesting_mode":"list","block":{"attributes":{"days_after_initiation":{"type":"string","description":"Number of days after which incomplete multipart uploads should be aborted, in format 'Nd'.","description_kind":"plain","required":true}},"description_kind":"plain"},"max_items":1},"noncurrent_expiration":{"nesting_mode":"list","block":{"attributes":{"days":{"type":"string","description_kind":"plain","required":true},"newer_versions":{"type":"number","description_kind":"plain","optional":true}},"description_kind":"plain"},"max_items":1},"noncurrent_transition":{"nesting_mode":"list","block":{"attributes":{"days":{"type":"string","description_kind":"plain","required":true},"newer_versions":{"type":"number","description_kind":"plain","optional":true},"storage_class":{"type":"string","description_kind":"plain","required":true}},"description_kind":"plain"},"max_items":1},"transition":{"nesting_mode":"list","block":{"attributes":{"date":{"type":"string","description_kind":"plain","optional":true},"days":{"type":"string","description_kind":"plain","optional":true},"storage_class":{"type":"string","description_kind":"plain","required":true}},"description_kind":"plain"},"max_items":1}},"description_kind":"plain"},"min_items":1}},"description":"`minio_ilm_policy` handles lifecycle settings for a given `minio_s3_bucket`.","description_kind":"plain"}},"minio_ilm_tier":{"version":0,"block":{"attributes":{"bucket":{"type":"string","description_kind":"plain","required":true},"endpoint":{"type":"string","description_kind":"plain","optional":true},"force_new_credentials":{"type":"bool","description_kind":"plain","optional":true},"id":{"type":"string","description_kind":"plain","optional":true,"computed":true},"name":{"type":"string","description_kind":"plain","required":true},"prefix":{"type":"string","description_kind":"plain","optional":true},"region":{"type":"string","description_kind":"plain","optional":true},"type":{"type":"string","description_kind":"plain","required":true}},"block_types":{"azure_config":{"nesting_mode":"list","block":{"attributes":{"account_key":{"type":"string","description_kind":"plain","optional":true,"sensitive":true},"account_name":{"type":"string","description_kind":"plain","optional":true},"storage_class":{"type":"string","description_kind":"plain","optional":true}},"description_kind":"plain"},"max_items":1},"gcs_config":{"nesting_mode":"list","block":{"attributes":{"credentials":{"type":"string","description_kind":"plain","optional":true,"sensitive":true},"storage_class":{"type":"string","description_kind":"plain","optional":true}},"description_kind":"plain"},"max_items":1},"minio_config":{"nesting_mode":"list","block":{"attributes":{"access_key":{"type":"string","description_kind":"plain","optional":true},"secret_key":{"type":"string","description_kind":"plain","optional":true,"sensitive":true}},"description_kind":"plain"},"max_items":1},"s3_config":{"nesting_mode":"list","block":{"attributes":{"access_key":{"type":"string","description_kind":"plain","optional":true},"secret_key":{"type":"string","description_kind":"plain","optional":true,"sensitive":true},"storage_class":{"type":"string","description_kind":"plain","optional":true}},"description_kind":"plain"},"max_items":1}},"description":"`minio_ilm_tier` handles remote tiers","description_kind":"plain"}},"minio_kms_key":{"version":0,"block":{"attributes":{"id":{"type":"string","description_kind":"plain","optional":true,"computed":true},"key_id":{"type":"string","description":"KMS key ID","description_kind":"plain","required":true}},"description_kind":"plain"}},"minio_s3_bucket":{"version":0,"block":{"attributes":{"acl":{"type":"string","description":"Bucket's Access Control List (default: private)","description_kind":"plain","optional":true},"arn":{"type":"string","description":"ARN of the bucket","description_kind":"plain","computed":true},"bucket":{"type":"string","description":"Name of the bucket","description_kind":"plain","optional":true,"computed":true},"bucket_domain_name":{"type":"string","description":"The bucket domain name","description_kind":"plain","computed":true},"bucket_prefix":{"type":"string","description":"Prefix of the bucket","description_kind":"plain","optional":true},"force_destroy":{"type":"bool","description":"A boolean that indicates all objects (including locked objects) should be deleted from the bucket so that the bucket can be destroyed without error. These objects are not recoverable.","description_kind":"plain","optional":true},"id":{"type":"string","description_kind":"plain","optional":true,"computed":true},"object_locking":{"type":"bool","description":"Enable object locking for the bucket (default: false)","description_kind":"plain","optional":true},"quota":{"type":"number","description":"Quota of the bucket","description_kind":"plain","optional":true},"tags":{"type":["map","string"],"description":"A map of tags to assign to the bucket","description_kind":"plain","optional":true}},"description_kind":"plain"}},"minio_s3_bucket_notification":{"version":0,"block":{"attributes":{"bucket":{"type":"string","description_kind":"plain","required":true},"id":{"type":"string","description_kind":"plain","optional":true,"computed":true}},"block_types":{"queue":{"nesting_mode":"list","block":{"attributes":{"events":{"type":["set","string"],"description_kind":"plain","required":true},"filter_prefix":{"type":"string","description_kind":"plain","optional":true},"filter_suffix":{"type":"string","description_kind":"plain","optional":true},"id":{"type":"string","description_kind":"plain","optional":true,"computed":true},"queue_arn":{"type":"string","description_kind":"plain","required":true}},"description_kind":"plain"}}},"description_kind":"plain"}},"minio_s3_bucket_policy":{"version":0,"block":{"attributes":{"bucket":{"type":"string","description":"Name of the bucket","description_kind":"plain","required":true},"id":{"type":"string","description_kind":"plain","optional":true,"computed":true},"policy":{"type":"string","description":"Policy JSON string","description_kind":"plain","required":true}},"description_kind":"plain"}},"minio_s3_bucket_replication":{"version":0,"block":{"attributes":{"bucket":{"type":"string","description":"Name of the bucket on which to setup replication rules","description_kind":"plain","required":true},"id":{"type":"string","description_kind":"plain","optional":true,"computed":true}},"block_types":{"rule":{"nesting_mode":"list","block":{"attributes":{"arn":{"type":"string","description":"Rule ARN genrated by MinIO","description_kind":"plain","computed":true},"delete_marker_replication":{"type":"bool","description":"Whether or not to synchronise marker deletion","description_kind":"plain","optional":true},"delete_replication":{"type":"bool","description":"Whether or not to propagate deletion","description_kind":"plain","optional":true},"enabled":{"type":"bool","description":"Whether or not this rule is enabled","description_kind":"plain","optional":true},"existing_object_replication":{"type":"bool","description":"Whether or not to synchronise object created prior the replication configuration","description_kind":"plain","optional":true},"id":{"type":"string","description":"Rule ID generated by MinIO","description_kind":"plain","computed":true},"metadata_sync":{"type":"bool","description":"Whether or not to synchonise buckets and objects metadata (such as locks). This must be enabled to achieve a two-way replication","description_kind":"plain","optional":true},"prefix":{"type":"string","description":"Bucket prefix object must be in to be syncronised","description_kind":"plain","optional":true},"priority":{"type":"number","description":"Rule priority. If omitted, the inverted index will be used as priority. This means that the first rule definition will have the higher priority","description_kind":"plain","optional":true},"tags":{"type":["map","string"],"description":"Tags which objects must have to be syncronised","description_kind":"plain","optional":true}},"block_types":{"target":{"nesting_mode":"list","block":{"attributes":{"access_key":{"type":"string","description":"Access key for the replication service account in the target MinIO","description_kind":"plain","required":true},"bandwidth_limit":{"type":"string","description":"Maximum bandwidth in byte per second that MinIO can used when syncronysing this target. Minimum is 100MB","description_kind":"plain","optional":true},"bucket":{"type":"string","description":"The name of the existing target bucket to replicate into","description_kind":"plain","required":true},"disable_proxy":{"type":"bool","description":"Disable proxy for this target","description_kind":"plain","optional":true},"health_check_period":{"type":"string","description":"Period where the health of this target will be checked. This must be a valid duration, such as `5s` or `2m`","description_kind":"plain","optional":true},"host":{"type":"string","description":"The target host (pair IP/port or domain port). If port is omitted, HTTPS port (or HTTP if unsecure) will be used. This host must be reachable by the MinIO instance itself","description_kind":"plain","required":true},"path":{"type":"string","description":"Path of the Minio endpoint. This is usefull if MinIO API isn't served on at the root, e.g for `example.com/minio/`, the path would be `/minio/`","description_kind":"plain","optional":true},"path_style":{"type":"string","description":"Whether to use path-style or virtual-hosted-syle request to this target (https://docs.aws.amazon.com/AmazonS3/latest/userguide/VirtualHosting.html#path-style-access). `auto` allows MinIO to chose automatically the appropriate option (Recommened)`","description_kind":"plain","optional":true},"region":{"type":"string","description":"Region of the target MinIO. This will be used to generate the target ARN","description_kind":"plain","optional":true},"secret_key":{"type":"string","description":"Secret key for the replication service account in the target MinIO. This is optional so it can be imported but prevent secret update","description_kind":"plain","optional":true,"sensitive":true},"secure":{"type":"bool","description":"Whether to use HTTPS with this target (Recommended). Note that disabling HTTPS will yield Terraform warning for security reason`","description_kind":"plain","optional":true},"storage_class":{"type":"string","description":"The storage class to use for the object on this target","description_kind":"plain","optional":true},"syncronous":{"type":"bool","description":"Use synchronous replication.","description_kind":"plain","optional":true}},"description":"Bucket prefix","description_kind":"plain"},"min_items":1,"max_items":1}},"description":"Rule definitions","description_kind":"plain"}}},"description_kind":"plain"}},"minio_s3_bucket_retention":{"version":0,"block":{"attributes":{"bucket":{"type":"string","description":"Name of the bucket to configure object locking. The bucket must be created with object locking enabled.","description_kind":"plain","required":true},"id":{"type":"string","description_kind":"plain","optional":true,"computed":true},"mode":{"type":"string","description":"Retention mode for the bucket. Valid values are:\n                - GOVERNANCE: Prevents object modification by non-privileged users. Users with s3:BypassGovernanceRetention permission can modify objects.\n                - COMPLIANCE: Prevents any object modification by all users, including the root user, until retention period expires.","description_kind":"plain","required":true},"unit":{"type":"string","description":"Time unit for the validity period. Valid values are DAYS or YEARS.","description_kind":"plain","required":true},"validity_period":{"type":"number","description":"Duration for which objects should be retained under WORM lock, in the specified unit. Must be a positive integer.","description_kind":"plain","required":true}},"description":"Manages object lock retention settings for a MinIO bucket. Object locking enforces Write-Once Read-Many (WORM) immutability to protect versioned objects from deletion.\n\nNote: Object locking can only be enabled during bucket creation and requires versioning. You cannot enable object locking on an existing bucket.\n\nThis resource provides compliance with SEC17a-4(f), FINRA 4511(C), and CFTC 1.31(c)-(d) requirements.","description_kind":"plain"}},"minio_s3_bucket_server_side_encryption":{"version":0,"block":{"attributes":{"bucket":{"type":"string","description":"Name of the bucket on which to setup server side encryption","description_kind":"plain","required":true},"encryption_type":{"type":"string","description":"Server side encryption type","description_kind":"plain","required":true},"id":{"type":"string","description_kind":"plain","optional":true,"computed":true},"kms_key_id":{"type":"string","description":"KMS key id to use for server side encryption","description_kind":"plain","required":true}},"description_kind":"plain"}},"minio_s3_bucket_versioning":{"version":0,"block":{"attributes":{"bucket":{"type":"string","description":"Name of the bucket","description_kind":"plain","required":true},"id":{"type":"string","description_kind":"plain","optional":true,"computed":true}},"block_types":{"versioning_configuration":{"nesting_mode":"list","block":{"attributes":{"exclude_folders":{"type":"bool","description_kind":"plain","optional":true},"excluded_prefixes":{"type":["list","string"],"description_kind":"plain","optional":true},"status":{"type":"string","description_kind":"plain","required":true}},"description_kind":"plain"},"min_items":1,"max_items":1}},"description_kind":"plain"}},"minio_s3_object":{"version":0,"block":{"attributes":{"acl":{"type":"string","description":"The canned ACL to apply to the object. Valid values: private, public-read, public-read-write, authenticated-read","description_kind":"plain","optional":true},"bucket_name":{"type":"string","description":"Name of the bucket","description_kind":"plain","required":true},"content":{"type":"string","description":"Content of the object as a string. Use only one of content, content_base64, or source","description_kind":"plain","optional":true},"content_base64":{"type":"string","description":"Base64-encoded content of the object. Use only one of content, content_base64, or source","description_kind":"plain","optional":true},"content_type":{"type":"string","description":"Content type of the object, in the form of a MIME type","description_kind":"plain","optional":true,"computed":true},"etag":{"type":"string","description":"ETag of the object","description_kind":"plain","optional":true,"computed":true},"id":{"type":"string","description_kind":"plain","optional":true,"computed":true},"object_name":{"type":"string","description":"Name of the object","description_kind":"plain","required":true},"source":{"type":"string","description":"Path to the file that will be uploaded. Use only one of content, content_base64, or source","description_kind":"plain","optional":true},"version_id":{"type":"string","description":"Version ID of the object","description_kind":"plain","optional":true,"computed":true}},"description_kind":"plain"}},"minio_site_replication":{"version":0,"block":{"attributes":{"enabled":{"type":"bool","description":"Whether site replication is enabled","description_kind":"plain","computed":true},"id":{"type":"string","description_kind":"plain","optional":true,"computed":true},"name":{"type":"string","description":"Name of the site replication configuration","description_kind":"plain","required":true}},"block_types":{"site":{"nesting_mode":"list","block":{"attributes":{"access_key":{"type":"string","description":"Access key for the site. Stored in Terraform state but not returned by the MinIO API for security reasons.","description_kind":"plain","optional":true,"computed":true},"endpoint":{"type":"string","description":"MinIO server endpoint URL","description_kind":"plain","required":true},"name":{"type":"string","description":"Unique name for this site","description_kind":"plain","required":true},"secret_key":{"type":"string","description":"Secret key for the site. Stored in Terraform state but not returned by the MinIO API for security reasons.","description_kind":"plain","optional":true,"computed":true,"sensitive":true}},"description":"List of sites to replicate between (minimum 2). Access_key and secret_key are stored in state but not returned by the MinIO API during read operations for security reasons.","description_kind":"plain"},"min_items":2}},"description_kind":"plain"}}},"data_source_schemas":{"minio_iam_policy_document":{"version":0,"block":{"attributes":{"id":{"type":"string","description_kind":"plain","optional":true,"computed":true},"json":{"type":"string","description_kind":"plain","computed":true},"override_json":{"type":"string","description_kind":"plain","optional":true},"policy_id":{"type":"string","description_kind":"plain","optional":true},"source_json":{"type":"string","description_kind":"plain","optional":true},"version":{"type":"string","description_kind":"plain","optional":true}},"block_types":{"statement":{"nesting_mode":"list","block":{"attributes":{"actions":{"type":["set","string"],"description_kind":"plain","optional":true},"effect":{"type":"string","description_kind":"plain","optional":true},"not_principal":{"type":"string","description_kind":"plain","optional":true},"not_resources":{"type":["set","string"],"description_kind":"plain","optional":true},"principal":{"type":"string","description_kind":"plain","optional":true},"resources":{"type":["set","string"],"description_kind":"plain","optional":true},"sid":{"type":"string","description_kind":"plain","optional":true}},"block_types":{"condition":{"nesting_mode":"set","block":{"attributes":{"test":{"type":"string","description_kind":"plain","required":true},"values":{"type":["set","string"],"description_kind":"plain","required":true},"variable":{"type":"string","description_kind":"plain","required":true}},"description_kind":"plain"}}},"description_kind":"plain"}}},"description_kind":"plain"}},"minio_iam_user":{"version":0,"block":{"attributes":{"id":{"type":"string","description_kind":"plain","optional":true,"computed":true},"member_of_groups":{"type":["list","string"],"description_kind":"plain","computed":true},"name":{"type":"string","description_kind":"plain","required":true},"policy_names":{"type":["list","string"],"description_kind":"plain","computed":true},"status":{"type":"string","description_kind":"plain","computed":true}},"description_kind":"plain"}},"minio_iam_users":{"version":0,"block":{"attributes":{"id":{"type":"string","description_kind":"plain","optional":true,"computed":true},"name_prefix":{"type":"string","description_kind":"plain","optional":true},"status":{"type":"string","description_kind":"plain","optional":true},"users":{"type":["list",["object",{"member_of_groups":["list","string"],"name":"string","policy_names":["list","string"],"status":"string"}]],"description_kind":"plain","computed":true}},"description_kind":"plain"}},"minio_s3_object":{"version":0,"block":{"attributes":{"bucket_name":{"type":"string","description":"The name of the bucket containing the object","description_kind":"plain","required":true},"checksum_crc32":{"type":"string","description":"The CRC32 checksum of the object","description_kind":"plain","computed":true},"checksum_crc32c":{"type":"string","description":"The CRC32C checksum of the object","description_kind":"plain","computed":true},"checksum_sha1":{"type":"string","description":"The SHA1 checksum of the object","description_kind":"plain","computed":true},"checksum_sha256":{"type":"string","description":"The SHA256 checksum of the object","description_kind":"plain","computed":true},"content":{"type":"string","description":"The content of the object","description_kind":"plain","computed":true},"content_type":{"type":"string","description":"The content type of the object","description_kind":"plain","computed":true},"etag":{"type":"string","description":"The ETag of the object","description_kind":"plain","computed":true},"expiration_rule_id":{"type":"string","description":"The lifecycle expiry-date and ruleID associated with the expiry","description_kind":"plain","computed":true},"expires":{"type":"string","description":"The  date and time at which the object is no longer able to be cached","description_kind":"plain","computed":true},"id":{"type":"string","description_kind":"plain","optional":true,"computed":true},"is_latest":{"type":"bool","description":"Whether the object is the latest version","description_kind":"plain","computed":true},"last_modified":{"type":"string","description":"The last modified time of the object","description_kind":"plain","computed":true},"object_name":{"type":"string","description":"The name of the object","description_kind":"plain","required":true},"owner":{"type":["map","string"],"description":"The owner of the object","description_kind":"plain","computed":true},"size":{"type":"number","description":"The size of the object","description_kind":"plain","computed":true},"storage_class":{"type":"string","description":"The storage class of the object","description_kind":"plain","computed":true},"version_id":{"type":"string","description":"The version ID of the object","description_kind":"plain","computed":true}},"description_kind":"plain"}}}}}}
